
Microsoft Visual Studio Solution File, Format Version 12.00
# Visual Studio Version 17
VisualStudioVersion = 17.3.32901.215
MinimumVisualStudioVersion = 10.0.40219.1
Project("{FAE04EC0-301F-11D3-BF4B-00C04F79EFBC}") = "QuizForge", "QuizForge\QuizForge.csproj", "{1D5E30AF-F357-400D-AA5F-8C801A4790EF}"
EndProject
Global
	GlobalSection(SolutionConfigurationPlatforms) = preSolution
		Debug|Any CPU = Debug|Any CPU
		Release|Any CPU = Release|Any CPU
	EndGlobalSection
	GlobalSection(ProjectConfigurationPlatforms) = postSolution
		{1D5E30AF-F357-400D-AA5F-8C801A4790EF}.Debug|Any CPU.ActiveCfg = Debug|Any CPU
		{1D5E30AF-F357-400D-AA5F-8C801A4790EF}.Debug|Any CPU.Build.0 = Debug|Any CPU
		{1D5E30AF-F357-400D-AA5F-8C801A4790EF}.Release|Any CPU.ActiveCfg = Release|Any CPU
		{1D5E30AF-F357-400D-AA5F-8C801A4790EF}.Release|Any CPU.Build.0 = Release|Any CPU
	EndGlobalSection
	GlobalSection(SolutionProperties) = preSolution
		HideSolutionNode = FALSE
	EndGlobalSection
	GlobalSection(ExtensibilityGlobals) = postSolution
		SolutionGuid = {E7EFB17D-3D6B-4559-A748-425583DD22EB}
	EndGlobalSection
EndGlobal
